
Microsoft Visual Studio Solution File, Format Version 12.00
# Visual Studio Version 17
VisualStudioVersion = 17.4.33213.308
MinimumVisualStudioVersion = 10.0.40219.1
Project("{F184B08F-C81C-45F6-A57F-5ABD9991F28F}") = "FibonacciDV", "FibonacciAppDV\FibonacciDV.vbproj", "{48171EC1-4BAA-4271-B8C1-462C9CB4A854}"
EndProject
Global
	GlobalSection(SolutionConfigurationPlatforms) = preSolution
		Debug|Any CPU = Debug|Any CPU
		Release|Any CPU = Release|Any CPU
	EndGlobalSection
	GlobalSection(ProjectConfigurationPlatforms) = postSolution
		{48171EC1-4BAA-4271-B8C1-462C9CB4A854}.Debug|Any CPU.ActiveCfg = Debug|Any CPU
		{48171EC1-4BAA-4271-B8C1-462C9CB4A854}.Debug|Any CPU.Build.0 = Debug|Any CPU
		{48171EC1-4BAA-4271-B8C1-462C9CB4A854}.Release|Any CPU.ActiveCfg = Release|Any CPU
		{48171EC1-4BAA-4271-B8C1-462C9CB4A854}.Release|Any CPU.Build.0 = Release|Any CPU
	EndGlobalSection
	GlobalSection(SolutionProperties) = preSolution
		HideSolutionNode = FALSE
	EndGlobalSection
	GlobalSection(ExtensibilityGlobals) = postSolution
		SolutionGuid = {1838C38F-7EF1-4E0C-AEE9-70DA1243AC19}
	EndGlobalSection
EndGlobal
